{
  "name": "@tz-overwatch/browser",
  "version": "0.0.1",
  "lockfileVersion": 1,
  "requires": true,
  "dependencies": {
    "@types/crypto-js": {
      "version": "4.0.1",
      "resolved": "https://registry.npm.taobao.org/@types/crypto-js/download/@types/crypto-js-4.0.1.tgz?cache=0&sync_timestamp=1613378490325&other_urls=https%3A%2F%2Fregistry.npm.taobao.org%2F%40types%2Fcrypto-js%2Fdownload%2F%40types%2Fcrypto-js-4.0.1.tgz",
      "integrity": "sha1-OkvSRRiw5sWUDaTiZZ7rLvCAaWM=",
      "dev": true
    },
    "@types/uuid": {
      "version": "8.3.0",
      "resolved": "https://registry.npm.taobao.org/@types/uuid/download/@types/uuid-8.3.0.tgz?cache=0&sync_timestamp=1613385796340&other_urls=https%3A%2F%2Fregistry.npm.taobao.org%2F%40types%2Fuuid%2Fdownload%2F%40types%2Fuuid-8.3.0.tgz",
      "integrity": "sha1-IVwjHf9zbVupJBDm1gIFDM5+Jz8=",
      "dev": true
    },
    "@tz-overwatch/core": {
      "version": "0.0.1",
      "requires": {
        "@tz-overwatch/type": "^0.0.1"
      },
      "dependencies": {
        "@tz-overwatch/type": {
          "version": "0.0.1"
        }
      }
    },
    "@tz-overwatch/type": {
      "version": "0.0.1"
    },
    "crypto-js": {
      "version": "4.0.0",
      "resolved": "https://registry.npm.taobao.org/crypto-js/download/crypto-js-4.0.0.tgz",
      "integrity": "sha1-KQSrJnep0EKFai6i74DekuSjbcw="
    },
    "uuid": {
      "version": "8.3.2",
      "resolved": "https://registry.npm.taobao.org/uuid/download/uuid-8.3.2.tgz?cache=0&sync_timestamp=1607460052228&other_urls=https%3A%2F%2Fregistry.npm.taobao.org%2Fuuid%2Fdownload%2Fuuid-8.3.2.tgz",
      "integrity": "sha1-gNW1ztJxu5r2xEXyGhoExgbO++I="
    }
  }
}
